
Microsoft Visual Studio Solution File, Format Version 12.00
# Visual Studio Version 16
VisualStudioVersion = 16.0.29613.14
MinimumVisualStudioVersion = 10.0.40219.1
Project("{FAE04EC0-301F-11D3-BF4B-00C04F79EFBC}") = "sa380915MIS4200", "sa380915MIS4200.csproj", "{2E0AFF1D-8D96-45DB-9027-8DEBF17FC22F}"
EndProject
Global
	GlobalSection(SolutionConfigurationPlatforms) = preSolution
		Debug|Any CPU = Debug|Any CPU
		Release|Any CPU = Release|Any CPU
	EndGlobalSection
	GlobalSection(ProjectConfigurationPlatforms) = postSolution
		{2E0AFF1D-8D96-45DB-9027-8DEBF17FC22F}.Debug|Any CPU.ActiveCfg = Debug|Any CPU
		{2E0AFF1D-8D96-45DB-9027-8DEBF17FC22F}.Debug|Any CPU.Build.0 = Debug|Any CPU
		{2E0AFF1D-8D96-45DB-9027-8DEBF17FC22F}.Release|Any CPU.ActiveCfg = Release|Any CPU
		{2E0AFF1D-8D96-45DB-9027-8DEBF17FC22F}.Release|Any CPU.Build.0 = Release|Any CPU
	EndGlobalSection
	GlobalSection(SolutionProperties) = preSolution
		HideSolutionNode = FALSE
	EndGlobalSection
	GlobalSection(ExtensibilityGlobals) = postSolution
		SolutionGuid = {FBE54E7C-E86F-413D-A3B1-74692DB51D1A}
	EndGlobalSection
EndGlobal
